
Microsoft Visual Studio Solution File, Format Version 12.00
# Visual Studio Version 16
VisualStudioVersion = 16.0.31729.503
MinimumVisualStudioVersion = 10.0.40219.1
Project("{FAE04EC0-301F-11D3-BF4B-00C04F79EFBC}") = "csPractice4", "csPractice4\csPractice4.csproj", "{1B6C3CF5-5B1E-4509-85DA-ED7A2259C943}"
EndProject
Global
	GlobalSection(SolutionConfigurationPlatforms) = preSolution
		Debug|Any CPU = Debug|Any CPU
		Release|Any CPU = Release|Any CPU
	EndGlobalSection
	GlobalSection(ProjectConfigurationPlatforms) = postSolution
		{1B6C3CF5-5B1E-4509-85DA-ED7A2259C943}.Debug|Any CPU.ActiveCfg = Debug|Any CPU
		{1B6C3CF5-5B1E-4509-85DA-ED7A2259C943}.Debug|Any CPU.Build.0 = Debug|Any CPU
		{1B6C3CF5-5B1E-4509-85DA-ED7A2259C943}.Release|Any CPU.ActiveCfg = Release|Any CPU
		{1B6C3CF5-5B1E-4509-85DA-ED7A2259C943}.Release|Any CPU.Build.0 = Release|Any CPU
	EndGlobalSection
	GlobalSection(SolutionProperties) = preSolution
		HideSolutionNode = FALSE
	EndGlobalSection
	GlobalSection(ExtensibilityGlobals) = postSolution
		SolutionGuid = {EF8395D8-C46A-4F13-800C-44939BF30FF7}
	EndGlobalSection
EndGlobal
